# THIS IS AN AUTOGENERATED FILE. DO NOT EDIT THIS FILE DIRECTLY.
# yarn lockfile v1


acorn-jsx@^5.3.1:
  version "5.3.2"
  resolved "https://registry.yarnpkg.com/acorn-jsx/-/acorn-jsx-5.3.2.tgz#7ed5bb55908b3b2f1bc55c6af1653bada7f07937"
  integrity sha512-rq9s+JNhf0IChjtDXxllJ7g41oZk5SlXtp0LHwyA5cejwn7vKmKp4pPri6YEePv2PU65sAsegbXtIinmDFDXgQ==

acorn@^8.4.1:
  version "8.4.1"
  resolved "https://registry.yarnpkg.com/acorn/-/acorn-8.4.1.tgz#56c36251fc7cabc7096adc18f05afe814321a28c"
  integrity sha512-asabaBSkEKosYKMITunzX177CXxQ4Q8BSSzMTKD+FefUhipQC70gfW5SiUDhYQ3vk8G+81HqQk7Fv9OXwwn9KA==

eslint-visitor-keys@^3.0.0:
  version "3.0.0"
  resolved "https://registry.yarnpkg.com/eslint-visitor-keys/-/eslint-visitor-keys-3.0.0.tgz#e32e99c6cdc2eb063f204eda5db67bfe58bb4186"
  integrity sha512-mJOZa35trBTb3IyRmo8xmKBZlxf+N7OnUl4+ZhJHs/r+0770Wh/LEACE2pqMGMe27G/4y8P2bYGk4J70IC5k1Q==

espree@^8.0.0:
  version "8.0.0"
  resolved "https://registry.yarnpkg.com/espree/-/espree-8.0.0.tgz#08c92c31814c96c96c54d3a35cc80f1cdb420275"
  integrity sha512-y/+i23dwTjIDJrYCcjcAMr3c3UGbPIjC6THMQKjWmhP97fW0FPiI89kmpKfmgV/5jrkIi6toQP+CMm3qBE1Hig==
  dependencies:
    acorn "^8.4.1"
    acorn-jsx "^5.3.1"
    eslint-visitor-keys "^3.0.0"

lodash@^4.17.21:
  version "4.17.21"
  resolved "https://registry.yarnpkg.com/lodash/-/lodash-4.17.21.tgz#679591c564c3bffaae8454cf0b3df370c3d6911c"
  integrity sha512-v2kDEe57lecTulaDIuNTPy3Ry4gLGJ6Z1O3vE1krgXZNrsQ+LFTGHVxVjcXPs17LhbZVGedAJv8XZ1tvj5FvSg==

prettier@^2.3.2:
  version "2.3.2"
  resolved "https://registry.yarnpkg.com/prettier/-/prettier-2.3.2.tgz#ef280a05ec253712e486233db5c6f23441e7342d"
  integrity sha512-lnJzDfJ66zkMy58OL5/NY5zp70S7Nz6KqcKkXYzn2tMVrNxvbqaBpg7H3qHaLxCJ5lNMsGuM8+ohS7cZrthdLQ==
